
Microsoft Visual Studio Solution File, Format Version 12.00
# Visual Studio Version 17
VisualStudioVersion = 17.9.34728.123
MinimumVisualStudioVersion = 10.0.40219.1
Project("{FAE04EC0-301F-11D3-BF4B-00C04F79EFBC}") = "JokesWebApp", "JokesWebApp\JokesWebApp.csproj", "{AF0AA243-2611-475E-B7DF-737E6B4DCF22}"
EndProject
Global
	GlobalSection(SolutionConfigurationPlatforms) = preSolution
		Debug|Any CPU = Debug|Any CPU
		Release|Any CPU = Release|Any CPU
	EndGlobalSection
	GlobalSection(ProjectConfigurationPlatforms) = postSolution
		{AF0AA243-2611-475E-B7DF-737E6B4DCF22}.Debug|Any CPU.ActiveCfg = Debug|Any CPU
		{AF0AA243-2611-475E-B7DF-737E6B4DCF22}.Debug|Any CPU.Build.0 = Debug|Any CPU
		{AF0AA243-2611-475E-B7DF-737E6B4DCF22}.Release|Any CPU.ActiveCfg = Release|Any CPU
		{AF0AA243-2611-475E-B7DF-737E6B4DCF22}.Release|Any CPU.Build.0 = Release|Any CPU
	EndGlobalSection
	GlobalSection(SolutionProperties) = preSolution
		HideSolutionNode = FALSE
	EndGlobalSection
	GlobalSection(ExtensibilityGlobals) = postSolution
		SolutionGuid = {6E1DB48D-7C30-452E-81ED-50C0C7371AC0}
	EndGlobalSection
EndGlobal
